// !$*UTF8*$!
{
	archiveVersion = 1;
	classes = {
	};
	objectVersion = 46;
	objects = {

/* Begin PBXBuildFile section */
		262BF18F1FC853530076C268 /* Classification.m in Sources */ = {isa = PBXBuildFile; fileRef = 262BF18E1FC853530076C268 /* Classification.m */; };
		262BF1921FC855540076C268 /* TableViewController.m in Sources */ = {isa = PBXBuildFile; fileRef = 262BF1911FC855540076C268 /* TableViewController.m */; };
		262BF1951FC857730076C268 /* DataModel.m in Sources */ = {isa = PBXBuildFile; fileRef = 262BF1941FC857730076C268 /* DataModel.m */; };
		26A0F05C1FD6BF5000A215F7 /* ViewController.m in Sources */ = {isa = PBXBuildFile; fileRef = 26A0F05B1FD6BF5000A215F7 /* ViewController.m */; };
		26C041E71FC324C80098F6F5 /* main.m in Sources */ = {isa = PBXBuildFile; fileRef = 26C041E61FC324C80098F6F5 /* main.m */; };
		26C041EA1FC324C80098F6F5 /* AppDelegate.m in Sources */ = {isa = PBXBuildFile; fileRef = 26C041E91FC324C80098F6F5 /* AppDelegate.m */; };
		26C041ED1FC324C80098F6F5 /* FirstViewController.m in Sources */ = {isa = PBXBuildFile; fileRef = 26C041EC1FC324C80098F6F5 /* FirstViewController.m */; };
		26C041F01FC324C80098F6F5 /* SecondViewController.m in Sources */ = {isa = PBXBuildFile; fileRef = 26C041EF1FC324C80098F6F5 /* SecondViewController.m */; };
		26C041F31FC324C80098F6F5 /* Main.storyboard in Resources */ = {isa = PBXBuildFile; fileRef = 26C041F11FC324C80098F6F5 /* Main.storyboard */; };
		26C041F51FC324C80098F6F5 /* Assets.xcassets in Resources */ = {isa = PBXBuildFile; fileRef = 26C041F41FC324C80098F6F5 /* Assets.xcassets */; };
		26C041F81FC324C80098F6F5 /* LaunchScreen.storyboard in Resources */ = {isa = PBXBuildFile; fileRef = 26C041F61FC324C80098F6F5 /* LaunchScreen.storyboard */; };
		26C042031FC324C80098F6F5 /* BMITaskTests.m in Sources */ = {isa = PBXBuildFile; fileRef = 26C042021FC324C80098F6F5 /* BMITaskTests.m */; };
		26C0420E1FC324C80098F6F5 /* BMITaskUITests.m in Sources */ = {isa = PBXBuildFile; fileRef = 26C0420D1FC324C80098F6F5 /* BMITaskUITests.m */; };
/* End PBXBuildFile section */

/* Begin PBXContainerItemProxy section */
		26C041FF1FC324C80098F6F5 /* PBXContainerItemProxy */ = {
			isa = PBXContainerItemProxy;
			containerPortal = 26C041DA1FC324C80098F6F5 /* Project object */;
			proxyType = 1;
			remoteGlobalIDString = 26C041E11FC324C80098F6F5;
			remoteInfo = BMITask;
		};
		26C0420A1FC324C80098F6F5 /* PBXContainerItemProxy */ = {
			isa = PBXContainerItemProxy;
			containerPortal = 26C041DA1FC324C80098F6F5 /* Project object */;
			proxyType = 1;
			remoteGlobalIDString = 26C041E11FC324C80098F6F5;
			remoteInfo = BMITask;
		};
/* End PBXContainerItemProxy section */

/* Begin PBXFileReference section */
		262BF18D1FC853530076C268 /* Classification.h */ = {isa = PBXFileReference; fileEncoding = 4; lastKnownFileType = sourcecode.c.h; path = Classification.h; sourceTree = "<group>"; };
		262BF18E1FC853530076C268 /* Classification.m */ = {isa = PBXFileReference; fileEncoding = 4; lastKnownFileType = sourcecode.c.objc; path = Classification.m; sourceTree = "<group>"; };
		262BF1901FC855540076C268 /* TableViewController.h */ = {isa = PBXFileReference; fileEncoding = 4; lastKnownFileType = sourcecode.c.h; path = TableViewController.h; sourceTree = "<group>"; };
		262BF1911FC855540076C268 /* TableViewController.m */ = {isa = PBXFileReference; fileEncoding = 4; lastKnownFileType = sourcecode.c.objc; path = TableViewController.m; sourceTree = "<group>"; };
		262BF1931FC857730076C268 /* DataModel.h */ = {isa = PBXFileReference; fileEncoding = 4; lastKnownFileType = sourcecode.c.h; path = DataModel.h; sourceTree = "<group>"; };
		262BF1941FC857730076C268 /* DataModel.m */ = {isa = PBXFileReference; fileEncoding = 4; lastKnownFileType = sourcecode.c.objc; path = DataModel.m; sourceTree = "<group>"; };
		26A0F05A1FD6BF5000A215F7 /* ViewController.h */ = {isa = PBXFileReference; fileEncoding = 4; lastKnownFileType = sourcecode.c.h; name = ViewController.h; path = ../ViewController.h; sourceTree = "<group>"; };
		26A0F05B1FD6BF5000A215F7 /* ViewController.m */ = {isa = PBXFileReference; fileEncoding = 4; lastKnownFileType = sourcecode.c.objc; name = ViewController.m; path = ../ViewController.m; sourceTree = "<group>"; };
		26C041E21FC324C80098F6F5 /* BMITask.app */ = {isa = PBXFileReference; explicitFileType = wrapper.application; includeInIndex = 0; path = BMITask.app; sourceTree = BUILT_PRODUCTS_DIR; };
		26C041E61FC324C80098F6F5 /* main.m */ = {isa = PBXFileReference; lastKnownFileType = sourcecode.c.objc; path = main.m; sourceTree = "<group>"; };
		26C041E81FC324C80098F6F5 /* AppDelegate.h */ = {isa = PBXFileReference; lastKnownFileType = sourcecode.c.h; path = AppDelegate.h; sourceTree = "<group>"; };
		26C041E91FC324C80098F6F5 /* AppDelegate.m */ = {isa = PBXFileReference; lastKnownFileType = sourcecode.c.objc; path = AppDelegate.m; sourceTree = "<group>"; };
		26C041EB1FC324C80098F6F5 /* FirstViewController.h */ = {isa = PBXFileReference; lastKnownFileType = sourcecode.c.h; path = FirstViewController.h; sourceTree = "<group>"; };
		26C041EC1FC324C80098F6F5 /* FirstViewController.m */ = {isa = PBXFileReference; lastKnownFileType = sourcecode.c.objc; path = FirstViewController.m; sourceTree = "<group>"; };
		26C041EE1FC324C80098F6F5 /* SecondViewController.h */ = {isa = PBXFileReference; lastKnownFileType = sourcecode.c.h; path = SecondViewController.h; sourceTree = "<group>"; };
		26C041EF1FC324C80098F6F5 /* SecondViewController.m */ = {isa = PBXFileReference; lastKnownFileType = sourcecode.c.objc; path = SecondViewController.m; sourceTree = "<group>"; };
		26C041F21FC324C80098F6F5 /* Base */ = {isa = PBXFileReference; lastKnownFileType = file.storyboard; name = Base; path = Base.lproj/Main.storyboard; sourceTree = "<group>"; };
		26C041F41FC324C80098F6F5 /* Assets.xcassets */ = {isa = PBXFileReference; lastKnownFileType = folder.assetcatalog; path = Assets.xcassets; sourceTree = "<group>"; };
		26C041F71FC324C80098F6F5 /* Base */ = {isa = PBXFileReference; lastKnownFileType = file.storyboard; name = Base; path = Base.lproj/LaunchScreen.storyboard; sourceTree = "<group>"; };
		26C041F91FC324C80098F6F5 /* Info.plist */ = {isa = PBXFileReference; lastKnownFileType = text.plist.xml; path = Info.plist; sourceTree = "<group>"; };
		26C041FE1FC324C80098F6F5 /* BMITaskTests.xctest */ = {isa = PBXFileReference; explicitFileType = wrapper.cfbundle; includeInIndex = 0; path = BMITaskTests.xctest; sourceTree = BUILT_PRODUCTS_DIR; };
		26C042021FC324C80098F6F5 /* BMITaskTests.m */ = {isa = PBXFileReference; lastKnownFileType = sourcecode.c.objc; path = BMITaskTests.m; sourceTree = "<group>"; };
		26C042041FC324C80098F6F5 /* Info.plist */ = {isa = PBXFileReference; lastKnownFileType = text.plist.xml; path = Info.plist; sourceTree = "<group>"; };
		26C042091FC324C80098F6F5 /* BMITaskUITests.xctest */ = {isa = PBXFileReference; explicitFileType = wrapper.cfbundle; includeInIndex = 0; path = BMITaskUITests.xctest; sourceTree = BUILT_PRODUCTS_DIR; };
		26C0420D1FC324C80098F6F5 /* BMITaskUITests.m */ = {isa = PBXFileReference; lastKnownFileType = sourcecode.c.objc; path = BMITaskUITests.m; sourceTree = "<group>"; };
		26C0420F1FC324C80098F6F5 /* Info.plist */ = {isa = PBXFileReference; lastKnownFileType = text.plist.xml; path = Info.plist; sourceTree = "<group>"; };
/* End PBXFileReference section */

/* Begin PBXFrameworksBuildPhase section */
		26C041DF1FC324C80098F6F5 /* Frameworks */ = {
			isa = PBXFrameworksBuildPhase;
			buildActionMask = 2147483647;
			files = (
			);
			runOnlyForDeploymentPostprocessing = 0;
		};
		26C041FB1FC324C80098F6F5 /* Frameworks */ = {
			isa = PBXFrameworksBuildPhase;
			buildActionMask = 2147483647;
			files = (
			);
			runOnlyForDeploymentPostprocessing = 0;
		};
		26C042061FC324C80098F6F5 /* Frameworks */ = {
			isa = PBXFrameworksBuildPhase;
			buildActionMask = 2147483647;
			files = (
			);
			runOnlyForDeploymentPostprocessing = 0;
		};
/* End PBXFrameworksBuildPhase section */

/* Begin PBXGroup section */
		26C041D91FC324C80098F6F5 = {
			isa = PBXGroup;
			children = (
				26C041E41FC324C80098F6F5 /* BMITask */,
				26C042011FC324C80098F6F5 /* BMITaskTests */,
				26C0420C1FC324C80098F6F5 /* BMITaskUITests */,
				26C041E31FC324C80098F6F5 /* Products */,
			);
			sourceTree = "<group>";
		};
		26C041E31FC324C80098F6F5 /* Products */ = {
			isa = PBXGroup;
			children = (
				26C041E21FC324C80098F6F5 /* BMITask.app */,
				26C041FE1FC324C80098F6F5 /* BMITaskTests.xctest */,
				26C042091FC324C80098F6F5 /* BMITaskUITests.xctest */,
			);
			name = Products;
			sourceTree = "<group>";
		};
		26C041E41FC324C80098F6F5 /* BMITask */ = {
			isa = PBXGroup;
			children = (
				26C041E81FC324C80098F6F5 /* AppDelegate.h */,
				26C041E91FC324C80098F6F5 /* AppDelegate.m */,
				26C041EB1FC324C80098F6F5 /* FirstViewController.h */,
				26C041EC1FC324C80098F6F5 /* FirstViewController.m */,
				26C041EE1FC324C80098F6F5 /* SecondViewController.h */,
				26C041EF1FC324C80098F6F5 /* SecondViewController.m */,
				26C041F11FC324C80098F6F5 /* Main.storyboard */,
				262BF1931FC857730076C268 /* DataModel.h */,
				262BF1941FC857730076C268 /* DataModel.m */,
				262BF18D1FC853530076C268 /* Classification.h */,
				262BF1901FC855540076C268 /* TableViewController.h */,
				262BF1911FC855540076C268 /* TableViewController.m */,
				262BF18E1FC853530076C268 /* Classification.m */,
				26A0F05A1FD6BF5000A215F7 /* ViewController.h */,
				26A0F05B1FD6BF5000A215F7 /* ViewController.m */,
				26C041F41FC324C80098F6F5 /* Assets.xcassets */,
				26C041F61FC324C80098F6F5 /* LaunchScreen.storyboard */,
				26C041F91FC324C80098F6F5 /* Info.plist */,
				26C041E51FC324C80098F6F5 /* Supporting Files */,
			);
			path = BMITask;
			sourceTree = "<group>";
		};
		26C041E51FC324C80098F6F5 /* Supporting Files */ = {
			isa = PBXGroup;
			children = (
				26C041E61FC324C80098F6F5 /* main.m */,
			);
			name = "Supporting Files";
			sourceTree = "<group>";
		};
		26C042011FC324C80098F6F5 /* BMITaskTests */ = {
			isa = PBXGroup;
			children = (
				26C042021FC324C80098F6F5 /* BMITaskTests.m */,
				26C042041FC324C80098F6F5 /* Info.plist */,
			);
			path = BMITaskTests;
			sourceTree = "<group>";
		};
		26C0420C1FC324C80098F6F5 /* BMITaskUITests */ = {
			isa = PBXGroup;
			children = (
				26C0420D1FC324C80098F6F5 /* BMITaskUITests.m */,
				26C0420F1FC324C80098F6F5 /* Info.plist */,
			);
			path = BMITaskUITests;
			sourceTree = "<group>";
		};
/* End PBXGroup section */

/* Begin PBXNativeTarget section */
		26C041E11FC324C80098F6F5 /* BMITask */ = {
			isa = PBXNativeTarget;
			buildConfigurationList = 26C042121FC324C80098F6F5 /* Build configuration list for PBXNativeTarget "BMITask" */;
			buildPhases = (
				26C041DE1FC324C80098F6F5 /* Sources */,
				26C041DF1FC324C80098F6F5 /* Frameworks */,
				26C041E01FC324C80098F6F5 /* Resources */,
			);
			buildRules = (
			);
			dependencies = (
			);
			name = BMITask;
			productName = BMITask;
			productReference = 26C041E21FC324C80098F6F5 /* BMITask.app */;
			productType = "com.apple.product-type.application";
		};
		26C041FD1FC324C80098F6F5 /* BMITaskTests */ = {
			isa = PBXNativeTarget;
			buildConfigurationList = 26C042151FC324C80098F6F5 /* Build configuration list for PBXNativeTarget "BMITaskTests" */;
			buildPhases = (
				26C041FA1FC324C80098F6F5 /* Sources */,
				26C041FB1FC324C80098F6F5 /* Frameworks */,
				26C041FC1FC324C80098F6F5 /* Resources */,
			);
			buildRules = (
			);
			dependencies = (
				26C042001FC324C80098F6F5 /* PBXTargetDependency */,
			);
			name = BMITaskTests;
			productName = BMITaskTests;
			productReference = 26C041FE1FC324C80098F6F5 /* BMITaskTests.xctest */;
			productType = "com.apple.product-type.bundle.unit-test";
		};
		26C042081FC324C80098F6F5 /* BMITaskUITests */ = {
			isa = PBXNativeTarget;
			buildConfigurationList = 26C042181FC324C80098F6F5 /* Build configuration list for PBXNativeTarget "BMITaskUITests" */;
			buildPhases = (
				26C042051FC324C80098F6F5 /* Sources */,
				26C042061FC324C80098F6F5 /* Frameworks */,
				26C042071FC324C80098F6F5 /* Resources */,
			);
			buildRules = (
			);
			dependencies = (
				26C0420B1FC324C80098F6F5 /* PBXTargetDependency */,
			);
			name = BMITaskUITests;
			productName = BMITaskUITests;
			productReference = 26C042091FC324C80098F6F5 /* BMITaskUITests.xctest */;
			productType = "com.apple.product-type.bundle.ui-testing";
		};
/* End PBXNativeTarget section */

/* Begin PBXProject section */
		26C041DA1FC324C80098F6F5 /* Project object */ = {
			isa = PBXProject;
			attributes = {
				LastUpgradeCheck = 0800;
				ORGANIZATIONNAME = "University of Leeds";
				TargetAttributes = {
					26C041E11FC324C80098F6F5 = {
						CreatedOnToolsVersion = 8.0;
						ProvisioningStyle = Automatic;
					};
					26C041FD1FC324C80098F6F5 = {
						CreatedOnToolsVersion = 8.0;
						ProvisioningStyle = Automatic;
						TestTargetID = 26C041E11FC324C80098F6F5;
					};
					26C042081FC324C80098F6F5 = {
						CreatedOnToolsVersion = 8.0;
						ProvisioningStyle = Automatic;
						TestTargetID = 26C041E11FC324C80098F6F5;
					};
				};
			};
			buildConfigurationList = 26C041DD1FC324C80098F6F5 /* Build configuration list for PBXProject "BMITask" */;
			compatibilityVersion = "Xcode 3.2";
			developmentRegion = English;
			hasScannedForEncodings = 0;
			knownRegions = (
				en,
				Base,
			);
			mainGroup = 26C041D91FC324C80098F6F5;
			productRefGroup = 26C041E31FC324C80098F6F5 /* Products */;
			projectDirPath = "";
			projectRoot = "";
			targets = (
				26C041E11FC324C80098F6F5 /* BMITask */,
				26C041FD1FC324C80098F6F5 /* BMITaskTests */,
				26C042081FC324C80098F6F5 /* BMITaskUITests */,
			);
		};
/* End PBXProject section */

/* Begin PBXResourcesBuildPhase section */
		26C041E01FC324C80098F6F5 /* Resources */ = {
			isa = PBXResourcesBuildPhase;
			buildActionMask = 2147483647;
			files = (
				26C041F81FC324C80098F6F5 /* LaunchScreen.storyboard in Resources */,
				26C041F51FC324C80098F6F5 /* Assets.xcassets in Resources */,
				26C041F31FC324C80098F6F5 /* Main.storyboard in Resources */,
			);
			runOnlyForDeploymentPostprocessing = 0;
		};
		26C041FC1FC324C80098F6F5 /* Resources */ = {
			isa = PBXResourcesBuildPhase;
			buildActionMask = 2147483647;
			files = (
			);
			runOnlyForDeploymentPostprocessing = 0;
		};
		26C042071FC324C80098F6F5 /* Resources */ = {
			isa = PBXResourcesBuildPhase;
			buildActionMask = 2147483647;
			files = (
			);
			runOnlyForDeploymentPostprocessing = 0;
		};
/* End PBXResourcesBuildPhase section */

/* Begin PBXSourcesBuildPhase section */
		26C041DE1FC324C80098F6F5 /* Sources */ = {
			isa = PBXSourcesBuildPhase;
			buildActionMask = 2147483647;
			files = (
				26C041F01FC324C80098F6F5 /* SecondViewController.m in Sources */,
				262BF1921FC855540076C268 /* TableViewController.m in Sources */,
				26A0F05C1FD6BF5000A215F7 /* ViewController.m in Sources */,
				26C041EA1FC324C80098F6F5 /* AppDelegate.m in Sources */,
				26C041ED1FC324C80098F6F5 /* FirstViewController.m in Sources */,
				262BF1951FC857730076C268 /* DataModel.m in Sources */,
				262BF18F1FC853530076C268 /* Classification.m in Sources */,
				26C041E71FC324C80098F6F5 /* main.m in Sources */,
			);
			runOnlyForDeploymentPostprocessing = 0;
		};
		26C041FA1FC324C80098F6F5 /* Sources */ = {
			isa = PBXSourcesBuildPhase;
			buildActionMask = 2147483647;
			files = (
				26C042031FC324C80098F6F5 /* BMITaskTests.m in Sources */,
			);
			runOnlyForDeploymentPostprocessing = 0;
		};
		26C042051FC324C80098F6F5 /* Sources */ = {
			isa = PBXSourcesBuildPhase;
			buildActionMask = 2147483647;
			files = (
				26C0420E1FC324C80098F6F5 /* BMITaskUITests.m in Sources */,
			);
			runOnlyForDeploymentPostprocessing = 0;
		};
/* End PBXSourcesBuildPhase section */

/* Begin PBXTargetDependency section */
		26C042001FC324C80098F6F5 /* PBXTargetDependency */ = {
			isa = PBXTargetDependency;
			target = 26C041E11FC324C80098F6F5 /* BMITask */;
			targetProxy = 26C041FF1FC324C80098F6F5 /* PBXContainerItemProxy */;
		};
		26C0420B1FC324C80098F6F5 /* PBXTargetDependency */ = {
			isa = PBXTargetDependency;
			target = 26C041E11FC324C80098F6F5 /* BMITask */;
			targetProxy = 26C0420A1FC324C80098F6F5 /* PBXContainerItemProxy */;
		};
/* End PBXTargetDependency section */

/* Begin PBXVariantGroup section */
		26C041F11FC324C80098F6F5 /* Main.storyboard */ = {
			isa = PBXVariantGroup;
			children = (
				26C041F21FC324C80098F6F5 /* Base */,
			);
			name = Main.storyboard;
			sourceTree = "<group>";
		};
		26C041F61FC324C80098F6F5 /* LaunchScreen.storyboard */ = {
			isa = PBXVariantGroup;
			children = (
				26C041F71FC324C80098F6F5 /* Base */,
			);
			name = LaunchScreen.storyboard;
			sourceTree = "<group>";
		};
/* End PBXVariantGroup section */

/* Begin XCBuildConfiguration section */
		26C042101FC324C80098F6F5 /* Debug */ = {
			isa = XCBuildConfiguration;
			buildSettings = {
				ALWAYS_SEARCH_USER_PATHS = NO;
				CLANG_ANALYZER_NONNULL = YES;
				CLANG_CXX_LANGUAGE_STANDARD = "gnu++0x";
				CLANG_CXX_LIBRARY = "libc++";
				CLANG_ENABLE_MODULES = YES;
				CLANG_ENABLE_OBJC_ARC = YES;
				CLANG_WARN_BOOL_CONVERSION = YES;
				CLANG_WARN_CONSTANT_CONVERSION = YES;
				CLANG_WARN_DIRECT_OBJC_ISA_USAGE = YES_ERROR;
				CLANG_WARN_DOCUMENTATION_COMMENTS = YES;
				CLANG_WARN_EMPTY_BODY = YES;
				CLANG_WARN_ENUM_CONVERSION = YES;
				CLANG_WARN_INFINITE_RECURSION = YES;
				CLANG_WARN_INT_CONVERSION = YES;
				CLANG_WARN_OBJC_ROOT_CLASS = YES_ERROR;
				CLANG_WARN_SUSPICIOUS_MOVES = YES;
				CLANG_WARN_UNREACHABLE_CODE = YES;
				CLANG_WARN__DUPLICATE_METHOD_MATCH = YES;
				"CODE_SIGN_IDENTITY[sdk=iphoneos*]" = "iPhone Developer";
				COPY_PHASE_STRIP = NO;
				DEBUG_INFORMATION_FORMAT = dwarf;
				ENABLE_STRICT_OBJC_MSGSEND = YES;
				ENABLE_TESTABILITY = YES;
				GCC_C_LANGUAGE_STANDARD = gnu99;
				GCC_DYNAMIC_NO_PIC = NO;
				GCC_NO_COMMON_BLOCKS = YES;
				GCC_OPTIMIZATION_LEVEL = 0;
				GCC_PREPROCESSOR_DEFINITIONS = (
					"DEBUG=1",
					"$(inherited)",
				);
				GCC_WARN_64_TO_32_BIT_CONVERSION = YES;
				GCC_WARN_ABOUT_RETURN_TYPE = YES_ERROR;
				GCC_WARN_UNDECLARED_SELECTOR = YES;
				GCC_WARN_UNINITIALIZED_AUTOS = YES_AGGRESSIVE;
				GCC_WARN_UNUSED_FUNCTION = YES;
				GCC_WARN_UNUSED_VARIABLE = YES;
				IPHONEOS_DEPLOYMENT_TARGET = 10.0;
				MTL_ENABLE_DEBUG_INFO = YES;
				ONLY_ACTIVE_ARCH = YES;
				SDKROOT = iphoneos;
				TARGETED_DEVICE_FAMILY = "1,2";
			};
			name = Debug;
		};
		26C042111FC324C80098F6F5 /* Release */ = {
			isa = XCBuildConfiguration;
			buildSettings = {
				ALWAYS_SEARCH_USER_PATHS = NO;
				CLANG_ANALYZER_NONNULL = YES;
				CLANG_CXX_LANGUAGE_STANDARD = "gnu++0x";
				CLANG_CXX_LIBRARY = "libc++";
				CLANG_ENABLE_MODULES = YES;
				CLANG_ENABLE_OBJC_ARC = YES;
				CLANG_WARN_BOOL_CONVERSION = YES;
				CLANG_WARN_CONSTANT_CONVERSION = YES;
				CLANG_WARN_DIRECT_OBJC_ISA_USAGE = YES_ERROR;
				CLANG_WARN_DOCUMENTATION_COMMENTS = YES;
				CLANG_WARN_EMPTY_BODY = YES;
				CLANG_WARN_ENUM_CONVERSION = YES;
				CLANG_WARN_INFINITE_RECURSION = YES;
				CLANG_WARN_INT_CONVERSION = YES;
				CLANG_WARN_OBJC_ROOT_CLASS = YES_ERROR;
				CLANG_WARN_SUSPICIOUS_MOVES = YES;
				CLANG_WARN_UNREACHABLE_CODE = YES;
				CLANG_WARN__DUPLICATE_METHOD_MATCH = YES;
				"CODE_SIGN_IDENTITY[sdk=iphoneos*]" = "iPhone Developer";
				COPY_PHASE_STRIP = NO;
				DEBUG_INFORMATION_FORMAT = "dwarf-with-dsym";
				ENABLE_NS_ASSERTIONS = NO;
				ENABLE_STRICT_OBJC_MSGSEND = YES;
				GCC_C_LANGUAGE_STANDARD = gnu99;
				GCC_NO_COMMON_BLOCKS = YES;
				GCC_WARN_64_TO_32_BIT_CONVERSION = YES;
				GCC_WARN_ABOUT_RETURN_TYPE = YES_ERROR;
				GCC_WARN_UNDECLARED_SELECTOR = YES;
				GCC_WARN_UNINITIALIZED_AUTOS = YES_AGGRESSIVE;
				GCC_WARN_UNUSED_FUNCTION = YES;
				GCC_WARN_UNUSED_VARIABLE = YES;
				IPHONEOS_DEPLOYMENT_TARGET = 10.0;
				MTL_ENABLE_DEBUG_INFO = NO;
				SDKROOT = iphoneos;
				TARGETED_DEVICE_FAMILY = "1,2";
				VALIDATE_PRODUCT = YES;
			};
			name = Release;
		};
		26C042131FC324C80098F6F5 /* Debug */ = {
			isa = XCBuildConfiguration;
			buildSettings = {
				ASSETCATALOG_COMPILER_APPICON_NAME = AppIcon;
				INFOPLIST_FILE = BMITask/Info.plist;
				LD_RUNPATH_SEARCH_PATHS = "$(inherited) @executable_path/Frameworks";
				PRODUCT_BUNDLE_IDENTIFIER = uk.ac.leeds.BMITask;
				PRODUCT_NAME = "$(TARGET_NAME)";
			};
			name = Debug;
		};
		26C042141FC324C80098F6F5 /* Release */ = {
			isa = XCBuildConfiguration;
			buildSettings = {
				ASSETCATALOG_COMPILER_APPICON_NAME = AppIcon;
				INFOPLIST_FILE = BMITask/Info.plist;
				LD_RUNPATH_SEARCH_PATHS = "$(inherited) @executable_path/Frameworks";
				PRODUCT_BUNDLE_IDENTIFIER = uk.ac.leeds.BMITask;
				PRODUCT_NAME = "$(TARGET_NAME)";
			};
			name = Release;
		};
		26C042161FC324C80098F6F5 /* Debug */ = {
			isa = XCBuildConfiguration;
			buildSettings = {
				BUNDLE_LOADER = "$(TEST_HOST)";
				INFOPLIST_FILE = BMITaskTests/Info.plist;
				LD_RUNPATH_SEARCH_PATHS = "$(inherited) @executable_path/Frameworks @loader_path/Frameworks";
				PRODUCT_BUNDLE_IDENTIFIER = uk.ac.leeds.BMITaskTests;
				PRODUCT_NAME = "$(TARGET_NAME)";
				TEST_HOST = "$(BUILT_PRODUCTS_DIR)/BMITask.app/BMITask";
			};
			name = Debug;
		};
		26C042171FC324C80098F6F5 /* Release */ = {
			isa = XCBuildConfiguration;
			buildSettings = {
				BUNDLE_LOADER = "$(TEST_HOST)";
				INFOPLIST_FILE = BMITaskTests/Info.plist;
				LD_RUNPATH_SEARCH_PATHS = "$(inherited) @executable_path/Frameworks @loader_path/Frameworks";
				PRODUCT_BUNDLE_IDENTIFIER = uk.ac.leeds.BMITaskTests;
				PRODUCT_NAME = "$(TARGET_NAME)";
				TEST_HOST = "$(BUILT_PRODUCTS_DIR)/BMITask.app/BMITask";
			};
			name = Release;
		};
		26C042191FC324C80098F6F5 /* Debug */ = {
			isa = XCBuildConfiguration;
			buildSettings = {
				INFOPLIST_FILE = BMITaskUITests/Info.plist;
				LD_RUNPATH_SEARCH_PATHS = "$(inherited) @executable_path/Frameworks @loader_path/Frameworks";
				PRODUCT_BUNDLE_IDENTIFIER = uk.ac.leeds.BMITaskUITests;
				PRODUCT_NAME = "$(TARGET_NAME)";
				TEST_TARGET_NAME = BMITask;
			};
			name = Debug;
		};
		26C0421A1FC324C80098F6F5 /* Release */ = {
			isa = XCBuildConfiguration;
			buildSettings = {
				INFOPLIST_FILE = BMITaskUITests/Info.plist;
				LD_RUNPATH_SEARCH_PATHS = "$(inherited) @executable_path/Frameworks @loader_path/Frameworks";
				PRODUCT_BUNDLE_IDENTIFIER = uk.ac.leeds.BMITaskUITests;
				PRODUCT_NAME = "$(TARGET_NAME)";
				TEST_TARGET_NAME = BMITask;
			};
			name = Release;
		};
/* End XCBuildConfiguration section */

/* Begin XCConfigurationList section */
		26C041DD1FC324C80098F6F5 /* Build configuration list for PBXProject "BMITask" */ = {
			isa = XCConfigurationList;
			buildConfigurations = (
				26C042101FC324C80098F6F5 /* Debug */,
				26C042111FC324C80098F6F5 /* Release */,
			);
			defaultConfigurationIsVisible = 0;
			defaultConfigurationName = Release;
		};
		26C042121FC324C80098F6F5 /* Build configuration list for PBXNativeTarget "BMITask" */ = {
			isa = XCConfigurationList;
			buildConfigurations = (
				26C042131FC324C80098F6F5 /* Debug */,
				26C042141FC324C80098F6F5 /* Release */,
			);
			defaultConfigurationIsVisible = 0;
			defaultConfigurationName = Release;
		};
		26C042151FC324C80098F6F5 /* Build configuration list for PBXNativeTarget "BMITaskTests" */ = {
			isa = XCConfigurationList;
			buildConfigurations = (
				26C042161FC324C80098F6F5 /* Debug */,
				26C042171FC324C80098F6F5 /* Release */,
			);
			defaultConfigurationIsVisible = 0;
			defaultConfigurationName = Release;
		};
		26C042181FC324C80098F6F5 /* Build configuration list for PBXNativeTarget "BMITaskUITests" */ = {
			isa = XCConfigurationList;
			buildConfigurations = (
				26C042191FC324C80098F6F5 /* Debug */,
				26C0421A1FC324C80098F6F5 /* Release */,
			);
			defaultConfigurationIsVisible = 0;
			defaultConfigurationName = Release;
		};
/* End XCConfigurationList section */
	};
	rootObject = 26C041DA1FC324C80098F6F5 /* Project object */;
}
